
Microsoft Visual Studio Solution File, Format Version 12.00
# Visual Studio 15
VisualStudioVersion = 15.0.28010.2003
MinimumVisualStudioVersion = 10.0.40219.1
Project("{FAE04EC0-301F-11D3-BF4B-00C04F79EFBC}") = "HeThongQuanLyNhaXe", "HeThongQuanLyNhaXe\HeThongQuanLyNhaXe.csproj", "{1BA474B4-FA3F-42A7-981E-B9819A75DE03}"
EndProject
Global
	GlobalSection(SolutionConfigurationPlatforms) = preSolution
		Debug|Any CPU = Debug|Any CPU
		Release|Any CPU = Release|Any CPU
	EndGlobalSection
	GlobalSection(ProjectConfigurationPlatforms) = postSolution
		{1BA474B4-FA3F-42A7-981E-B9819A75DE03}.Debug|Any CPU.ActiveCfg = Debug|Any CPU
		{1BA474B4-FA3F-42A7-981E-B9819A75DE03}.Debug|Any CPU.Build.0 = Debug|Any CPU
		{1BA474B4-FA3F-42A7-981E-B9819A75DE03}.Release|Any CPU.ActiveCfg = Release|Any CPU
		{1BA474B4-FA3F-42A7-981E-B9819A75DE03}.Release|Any CPU.Build.0 = Release|Any CPU
	EndGlobalSection
	GlobalSection(SolutionProperties) = preSolution
		HideSolutionNode = FALSE
	EndGlobalSection
	GlobalSection(ExtensibilityGlobals) = postSolution
		SolutionGuid = {1ABC1987-CB67-4DFA-8C75-397E0E063A0F}
	EndGlobalSection
EndGlobal
